
Microsoft Visual Studio Solution File, Format Version 12.00
# Visual Studio Version 16
VisualStudioVersion = 16.0.31624.102
MinimumVisualStudioVersion = 10.0.40219.1
Project("{FAE04EC0-301F-11D3-BF4B-00C04F79EFBC}") = "EmployeeInformationSystem", "EmployeeInformationSystem.csproj", "{B43579CE-2FB6-49C0-ABED-49551D180FF4}"
EndProject
Global
	GlobalSection(SolutionConfigurationPlatforms) = preSolution
		Debug|Any CPU = Debug|Any CPU
		Release|Any CPU = Release|Any CPU
	EndGlobalSection
	GlobalSection(ProjectConfigurationPlatforms) = postSolution
		{B43579CE-2FB6-49C0-ABED-49551D180FF4}.Debug|Any CPU.ActiveCfg = Debug|Any CPU
		{B43579CE-2FB6-49C0-ABED-49551D180FF4}.Debug|Any CPU.Build.0 = Debug|Any CPU
		{B43579CE-2FB6-49C0-ABED-49551D180FF4}.Release|Any CPU.ActiveCfg = Release|Any CPU
		{B43579CE-2FB6-49C0-ABED-49551D180FF4}.Release|Any CPU.Build.0 = Release|Any CPU
	EndGlobalSection
	GlobalSection(SolutionProperties) = preSolution
		HideSolutionNode = FALSE
	EndGlobalSection
	GlobalSection(ExtensibilityGlobals) = postSolution
		SolutionGuid = {4850B009-57E7-4896-9875-A80CBEFE0F38}
	EndGlobalSection
EndGlobal
